
Microsoft Visual Studio Solution File, Format Version 12.00
# Visual Studio Version 16
VisualStudioVersion = 16.0.31424.327
MinimumVisualStudioVersion = 10.0.40219.1
Project("{9A19103F-16F7-4668-BE54-9A1E7A4F7556}") = "Fusc.Library", "Fusc.Library\Fusc.Library.csproj", "{63C01B49-1B31-4197-AA1E-225289115F47}"
EndProject
Project("{FAE04EC0-301F-11D3-BF4B-00C04F79EFBC}") = "Fusc.Library.Test", "Fusc.Library.Test\Fusc.Library.Test.csproj", "{F4A16BEA-BE04-4A07-86F8-835E78392FC3}"
EndProject
Global
	GlobalSection(SolutionConfigurationPlatforms) = preSolution
		Debug|Any CPU = Debug|Any CPU
		Release|Any CPU = Release|Any CPU
	EndGlobalSection
	GlobalSection(ProjectConfigurationPlatforms) = postSolution
		{63C01B49-1B31-4197-AA1E-225289115F47}.Debug|Any CPU.ActiveCfg = Debug|Any CPU
		{63C01B49-1B31-4197-AA1E-225289115F47}.Debug|Any CPU.Build.0 = Debug|Any CPU
		{63C01B49-1B31-4197-AA1E-225289115F47}.Release|Any CPU.ActiveCfg = Release|Any CPU
		{63C01B49-1B31-4197-AA1E-225289115F47}.Release|Any CPU.Build.0 = Release|Any CPU
		{F4A16BEA-BE04-4A07-86F8-835E78392FC3}.Debug|Any CPU.ActiveCfg = Debug|Any CPU
		{F4A16BEA-BE04-4A07-86F8-835E78392FC3}.Debug|Any CPU.Build.0 = Debug|Any CPU
		{F4A16BEA-BE04-4A07-86F8-835E78392FC3}.Release|Any CPU.ActiveCfg = Release|Any CPU
		{F4A16BEA-BE04-4A07-86F8-835E78392FC3}.Release|Any CPU.Build.0 = Release|Any CPU
	EndGlobalSection
	GlobalSection(SolutionProperties) = preSolution
		HideSolutionNode = FALSE
	EndGlobalSection
	GlobalSection(ExtensibilityGlobals) = postSolution
		SolutionGuid = {93AD8BF3-7513-4D0E-B9E0-36E8C2665417}
	EndGlobalSection
EndGlobal
